// !$*UTF8*$!
{
	archiveVersion = 1;
	classes = {
	};
	objectVersion = 46;
	objects = {
		EB36DB23CC7BDB93309C7BAE = {
			isa = PBXBuildFile;
			fileRef = 8D6618C02A04A47544EF6415;
		};
		6273DE67C497E79AD3B1D1DE = {
			isa = PBXBuildFile;
			fileRef = 1ABB9488096595B90DB5A225;
		};
		449CB25E79148B03E4F75FBA = {
			isa = PBXBuildFile;
			fileRef = 2CD698FE679E08430DB9D8C7;
		};
		57ACF72560F9683B7AC1738C = {
			isa = PBXBuildFile;
			fileRef = 6FEC86B76510B486E82F81E9;
		};
		638916DB77475FD9F85E1FD9 = {
			isa = PBXBuildFile;
			fileRef = 11A57B98ED0045F23B257F11;
		};
		F3C5522C74E10D2AF13058A4 = {
			isa = PBXBuildFile;
			fileRef = D8CDE10751F44AAF9DB1CC0B;
		};
		E669E2C8FD9777B8C2FDCBCB = {
			isa = PBXBuildFile;
			fileRef = 49AA86A20BDB9A993DD5B48F;
		};
		79F58F3BCB15CDE7C6BA56A2 = {
			isa = PBXBuildFile;
			fileRef = 6773BA81D12B2223251AC05A;
		};
		4E3C81E826198F69B33474CC = {
			isa = PBXBuildFile;
			fileRef = 52B94618ADC92DE33D0EC9D0;
		};
		299F734668C0D63D0CC064EB = {
			isa = PBXBuildFile;
			fileRef = 01FC61CC6475425294C68957;
		};
		4CF6D948EFA35F6861CEF8DF = {
			isa = PBXBuildFile;
			fileRef = 7AC5DCF0CF1F3DBEFB26EBEC;
		};
		6F81CF33464382B3CEE110C8 = {
			isa = PBXBuildFile;
			fileRef = CC0AE291580301593BB341C4;
		};
		01091E2F222F800984307CC0 = {
			isa = PBXBuildFile;
			fileRef = BE14F60E108018F15DAC8BDC;
		};
		6C86F71DF45537CD91BB7899 = {
			isa = PBXBuildFile;
			fileRef = 4D36E470759F4CA3648F250A;
		};
		E4250729AAE003D3D4580E46 = {
			isa = PBXBuildFile;
			fileRef = BA4A1625DBD0AF6E660735CA;
		};
		020387737D0DE0C2D30AAB49 = {
			isa = PBXBuildFile;
			fileRef = 28F1CDD3F5C293D97BDC9FC1;
		};
		21DF8860C2A830F3C33925DB = {
			isa = PBXBuildFile;
			fileRef = 46DDD62D92B87C40A406A24F;
		};
		16D9C201F8FEC74BBA2EC82F = {
			isa = PBXBuildFile;
			fileRef = 810A674879EC8801F036FF7A;
		};
		79A4BA6BA03055DA9421CC63 = {
			isa = PBXBuildFile;
			fileRef = AE16154132E5B2029C3D4338;
		};
		812EA1C6248793D3D370DDD1 = {
			isa = PBXBuildFile;
			fileRef = 5C1AE713DE9949A115A12BCA;
		};
		DACF00538B7F44E515D82794 = {
			isa = PBXBuildFile;
			fileRef = DE41BA8F8BDFD6F7D0933A38;
		};
		291DA341A0881CCDED136423 = {
			isa = PBXBuildFile;
			fileRef = A7416477F9875918F3B34A69;
		};
		3487F26C454364F47C726B73 = {
			isa = PBXBuildFile;
			fileRef = C59F85277E6297C33B7E5D77;
		};
		31E5C279840D5A0B5EB1412D = {
			isa = PBXBuildFile;
			fileRef = F50743D43731DC0EA3392C6F;
		};
		1B2369C3C41AEA84039E3414 = {
			isa = PBXBuildFile;
			fileRef = ACC9F45C3A291E9401EF8B6E;
		};
		C6C8549AB0D69E6BD180B577 = {
			isa = PBXBuildFile;
			fileRef = 3870FE4B284E8077D88B9749;
		};
		2A9B7E9D10CCE82DC7C93062 = {
			isa = PBXBuildFile;
			fileRef = 9FD32E72F5206821E693573F;
		};
		2EAD93700F8E73FB5E1213DD = {
			isa = PBXBuildFile;
			fileRef = 2EDD025269248045283FE951;
		};
		97DCF7F265394B632204C4F2 = {
			isa = PBXBuildFile;
			fileRef = 23876396E838D3078F574B28;
		};
		FFA1248F3E0782DDC3AA48E1 = {
			isa = PBXBuildFile;
			fileRef = 143B4A598F7AF763A0576F5E;
		};
		8EE2307624B2F0CD6D896FD1 = {
			isa = PBXBuildFile;
			fileRef = AE87F3C8F4404816CA9FEFBA;
		};
		737A43F6911815034B59DFD6 = {
			isa = PBXBuildFile;
			fileRef = 9B1BA5F78308420BA2770AF9;
		};
		19FA1EF6A0378CACCAD076FA = {
			isa = PBXBuildFile;
			fileRef = 9F2C419A248E7D50877A47A1;
		};
		154EE69E472B135C08F54059 = {
			isa = PBXBuildFile;
			fileRef = 0A10C3D6C88977998EAD3BD6;
		};
		0D87893867A1CAA694F2D63E = {
			isa = PBXBuildFile;
			fileRef = 5E41AAE971DFB6D03F64A007;
		};
		08620579C3A6B3C2A075D4C2 = {
			isa = PBXBuildFile;
			fileRef = 832B05DC5953E064A555430B;
		};
		B9EF6B714692D6B9CF92D3AB = {
			isa = PBXBuildFile;
			fileRef = C127B6CF89BA53EE230EC4CA;
		};
		BC017181ED45EC0BC96BAA7B = {
			isa = PBXBuildFile;
			fileRef = 15B498AE41ABF576E73F16FF;
		};
		AE29DEA61B0A01CEB389302C = {
			isa = PBXBuildFile;
			fileRef = 4625F2B0E7F027E14EC3FABE;
		};
		F032CE2AA9BFB57F14FCEFC9 = {
			isa = PBXBuildFile;
			fileRef = 8CC8C164FBB03EE431A4ADFA;
		};
		00FB39DB55B6B3BFF8D84DCA = {
			isa = PBXFileReference;
			lastKnownFileType = file;
			name = "juce_audio_processors";
			path = "/Applications/JUCE/modules/juce_audio_processors";
			sourceTree = "<absolute>";
		};
		01FC61CC6475425294C68957 = {
			isa = PBXFileReference;
			lastKnownFileType = wrapper.framework;
			name = CoreAudio.framework;
			path = System/Library/Frameworks/CoreAudio.framework;
			sourceTree = SDKROOT;
		};
		086C7A21A6FA883F488A7F81 = {
			isa = PBXFileReference;
			lastKnownFileType = sourcecode.c.h;
			name = PluginEditor.h;
			path = ../../Source/PluginEditor.h;
			sourceTree = "SOURCE_ROOT";
		};
		0A10C3D6C88977998EAD3BD6 = {
			isa = PBXFileReference;
			lastKnownFileType = sourcecode.cpp.objcpp;
			name = "include_juce_cryptography.mm";
			path = "../../JuceLibraryCode/include_juce_cryptography.mm";
			sourceTree = "SOURCE_ROOT";
		};
		1055B61F1CA5C65062842066 = {
			isa = PBXFileReference;
			lastKnownFileType = file;
			name = "juce_audio_basics";
			path = "/Applications/JUCE/modules/juce_audio_basics";
			sourceTree = "<absolute>";
		};
		11A57B98ED0045F23B257F11 = {
			isa = PBXFileReference;
			lastKnownFileType = wrapper.framework;
			name = Accelerate.framework;
			path = System/Library/Frameworks/Accelerate.framework;
			sourceTree = SDKROOT;
		};
		143B4A598F7AF763A0576F5E = {
			isa = PBXFileReference;
			lastKnownFileType = sourcecode.cpp.cpp;
			name = "include_juce_audio_plugin_client_VST3.cpp";
			path = "../../JuceLibraryCode/include_juce_audio_plugin_client_VST3.cpp";
			sourceTree = "SOURCE_ROOT";
		};
		152AF3F863E71E4ABF6EB723 = {
			isa = PBXFileReference;
			lastKnownFileType = sourcecode.c.h;
			name = JuceHeader.h;
			path = ../../JuceLibraryCode/JuceHeader.h;
			sourceTree = "SOURCE_ROOT";
		};
		15516A4D06FF6958288689E6 = {
			isa = PBXFileReference;
			lastKnownFileType = file;
			name = "juce_events";
			path = "/Applications/JUCE/modules/juce_events";
			sourceTree = "<absolute>";
		};
		15B498AE41ABF576E73F16FF = {
			isa = PBXFileReference;
			lastKnownFileType = sourcecode.cpp.objcpp;
			name = "include_juce_gui_basics.mm";
			path = "../../JuceLibraryCode/include_juce_gui_basics.mm";
			sourceTree = "SOURCE_ROOT";
		};
		23876396E838D3078F574B28 = {
			isa = PBXFileReference;
			lastKnownFileType = sourcecode.cpp.objcpp;
			name = "include_juce_audio_plugin_client_VST_utils.mm";
			path = "../../JuceLibraryCode/include_juce_audio_plugin_client_VST_utils.mm";
			sourceTree = "SOURCE_ROOT";
		};
		23C5CC04BDDAD79AD251A64A = {
			isa = PBXFileReference;
			lastKnownFileType = text.plist.xml;
			name = AU.entitlements;
			path = AU.entitlements;
			sourceTree = "SOURCE_ROOT";
		};
		2BC2F74A7DBBD23E9DD57CB4 = {
			isa = PBXFileReference;
			lastKnownFileType = sourcecode.c.h;
			name = PanelFilter.h;
			path = ../../Source/PanelFilter.h;
			sourceTree = "SOURCE_ROOT";
		};
		8D6618C02A04A47544EF6415 = {
			isa = PBXFileReference;
			explicitFileType = wrapper.cfbundle;
			includeInIndex = 0;
			path = ParallelFiltersExample.vst3;
			sourceTree = "BUILT_PRODUCTS_DIR";
		};
		1ABB9488096595B90DB5A225 = {
			isa = PBXFileReference;
			explicitFileType = wrapper.cfbundle;
			includeInIndex = 0;
			path = ParallelFiltersExample.component;
			sourceTree = "BUILT_PRODUCTS_DIR";
		};
		28F1CDD3F5C293D97BDC9FC1 = {
			isa = PBXFileReference;
			lastKnownFileType = wrapper.framework;
			name = QuartzCore.framework;
			path = System/Library/Frameworks/QuartzCore.framework;
			sourceTree = SDKROOT;
		};
		2CD698FE679E08430DB9D8C7 = {
			isa = PBXFileReference;
			explicitFileType = wrapper.application;
			includeInIndex = 0;
			path = ParallelFiltersExample.app;
			sourceTree = "BUILT_PRODUCTS_DIR";
		};
		2EDD025269248045283FE951 = {
			isa = PBXFileReference;
			lastKnownFileType = sourcecode.cpp.cpp;
			name = "include_juce_audio_plugin_client_utils.cpp";
			path = "../../JuceLibraryCode/include_juce_audio_plugin_client_utils.cpp";
			sourceTree = "SOURCE_ROOT";
		};
		3870FE4B284E8077D88B9749 = {
			isa = PBXFileReference;
			lastKnownFileType = sourcecode.cpp.objcpp;
			name = "include_juce_audio_plugin_client_AU_2.mm";
			path = "../../JuceLibraryCode/include_juce_audio_plugin_client_AU_2.mm";
			sourceTree = "SOURCE_ROOT";
		};
		3B39EAE059F6720CB09368AD = {
			isa = PBXFileReference;
			lastKnownFileType = sourcecode.c.h;
			name = AppConfig.h;
			path = ../../JuceLibraryCode/AppConfig.h;
			sourceTree = "SOURCE_ROOT";
		};
		4625F2B0E7F027E14EC3FABE = {
			isa = PBXFileReference;
			lastKnownFileType = sourcecode.cpp.objcpp;
			name = "include_juce_gui_extra.mm";
			path = "../../JuceLibraryCode/include_juce_gui_extra.mm";
			sourceTree = "SOURCE_ROOT";
		};
		46DDD62D92B87C40A406A24F = {
			isa = PBXFileReference;
			lastKnownFileType = wrapper.framework;
			name = WebKit.framework;
			path = System/Library/Frameworks/WebKit.framework;
			sourceTree = SDKROOT;
		};
		49AA86A20BDB9A993DD5B48F = {
			isa = PBXFileReference;
			lastKnownFileType = wrapper.framework;
			name = AudioUnit.framework;
			path = System/Library/Frameworks/AudioUnit.framework;
			sourceTree = SDKROOT;
		};
		4D36E470759F4CA3648F250A = {
			isa = PBXFileReference;
			lastKnownFileType = wrapper.framework;
			name = IOKit.framework;
			path = System/Library/Frameworks/IOKit.framework;
			sourceTree = SDKROOT;
		};
		52B94618ADC92DE33D0EC9D0 = {
			isa = PBXFileReference;
			lastKnownFileType = wrapper.framework;
			name = Cocoa.framework;
			path = System/Library/Frameworks/Cocoa.framework;
			sourceTree = SDKROOT;
		};
		57D64253A633665BD9B4762E = {
			isa = PBXFileReference;
			lastKnownFileType = text.plist.xml;
			name = VST3.entitlements;
			path = VST3.entitlements;
			sourceTree = "SOURCE_ROOT";
		};
		591BE603630A60673F5F8F01 = {
			isa = PBXFileReference;
			lastKnownFileType = file;
			name = "juce_graphics";
			path = "/Applications/JUCE/modules/juce_graphics";
			sourceTree = "<absolute>";
		};
		59AC3873B30DC2704FA12DF1 = {
			isa = PBXFileReference;
			lastKnownFileType = file;
			name = "juce_cryptography";
			path = "/Applications/JUCE/modules/juce_cryptography";
			sourceTree = "<absolute>";
		};
		5C1AE713DE9949A115A12BCA = {
			isa = PBXFileReference;
			lastKnownFileType = sourcecode.cpp.cpp;
			name = PluginProcessor.cpp;
			path = ../../Source/PluginProcessor.cpp;
			sourceTree = "SOURCE_ROOT";
		};
		5CFD615851EBCA902386208A = {
			isa = PBXFileReference;
			lastKnownFileType = file;
			name = "juce_audio_plugin_client";
			path = "/Applications/JUCE/modules/juce_audio_plugin_client";
			sourceTree = "<absolute>";
		};
		5E41AAE971DFB6D03F64A007 = {
			isa = PBXFileReference;
			lastKnownFileType = sourcecode.cpp.objcpp;
			name = "include_juce_data_structures.mm";
			path = "../../JuceLibraryCode/include_juce_data_structures.mm";
			sourceTree = "SOURCE_ROOT";
		};
		61BA3EA2000B4B92600E7329 = {
			isa = PBXFileReference;
			lastKnownFileType = text.plist.xml;
			name = "Info-VST3.plist";
			path = "Info-VST3.plist";
			sourceTree = "SOURCE_ROOT";
		};
		6517C622F625BA7F60B289C6 = {
			isa = PBXFileReference;
			lastKnownFileType = file;
			name = "juce_data_structures";
			path = "/Applications/JUCE/modules/juce_data_structures";
			sourceTree = "<absolute>";
		};
		6773BA81D12B2223251AC05A = {
			isa = PBXFileReference;
			lastKnownFileType = wrapper.framework;
			name = Carbon.framework;
			path = System/Library/Frameworks/Carbon.framework;
			sourceTree = SDKROOT;
		};
		6BCF47C3018F17BDFFB57BFF = {
			isa = PBXFileReference;
			lastKnownFileType = file;
			name = "juce_gui_basics";
			path = "/Applications/JUCE/modules/juce_gui_basics";
			sourceTree = "<absolute>";
		};
		6FEBDC0A79889036F227435E = {
			isa = PBXFileReference;
			lastKnownFileType = file;
			name = "juce_audio_formats";
			path = "/Applications/JUCE/modules/juce_audio_formats";
			sourceTree = "<absolute>";
		};
		6FEC86B76510B486E82F81E9 = {
			isa = PBXFileReference;
			explicitFileType = archive.ar;
			includeInIndex = 0;
			path = libParallelFiltersExample.a;
			sourceTree = "BUILT_PRODUCTS_DIR";
		};
		74D6B0B0EA299EBA93A52133 = {
			isa = PBXFileReference;
			lastKnownFileType = text.plist.xml;
			name = All.entitlements;
			path = All.entitlements;
			sourceTree = "SOURCE_ROOT";
		};
		7AC4B53E90C93ADBB61AEFAC = {
			isa = PBXFileReference;
			lastKnownFileType = file;
			name = "juce_core";
			path = "/Applications/JUCE/modules/juce_core";
			sourceTree = "<absolute>";
		};
		7AC5DCF0CF1F3DBEFB26EBEC = {
			isa = PBXFileReference;
			lastKnownFileType = wrapper.framework;
			name = CoreAudioKit.framework;
			path = System/Library/Frameworks/CoreAudioKit.framework;
			sourceTree = SDKROOT;
		};
		7EC53A3792CBCA68E19E9869 = {
			isa = PBXFileReference;
			lastKnownFileType = text.plist.xml;
			name = "Info-Standalone_Plugin.plist";
			path = "Info-Standalone_Plugin.plist";
			sourceTree = "SOURCE_ROOT";
		};
		810A674879EC8801F036FF7A = {
			isa = PBXFileReference;
			lastKnownFileType = file.nib;
			name = RecentFilesMenuTemplate.nib;
			path = RecentFilesMenuTemplate.nib;
			sourceTree = "SOURCE_ROOT";
		};
		832B05DC5953E064A555430B = {
			isa = PBXFileReference;
			lastKnownFileType = sourcecode.cpp.objcpp;
			name = "include_juce_events.mm";
			path = "../../JuceLibraryCode/include_juce_events.mm";
			sourceTree = "SOURCE_ROOT";
		};
		8CC8C164FBB03EE431A4ADFA = {
			isa = PBXFileReference;
			lastKnownFileType = sourcecode.cpp.objcpp;
			name = "include_juce_opengl.mm";
			path = "../../JuceLibraryCode/include_juce_opengl.mm";
			sourceTree = "SOURCE_ROOT";
		};
		96EB1D4E692CCB3FF69E9380 = {
			isa = PBXFileReference;
			lastKnownFileType = text.plist.xml;
			name = "Standalone_Plugin.entitlements";
			path = "Standalone_Plugin.entitlements";
			sourceTree = "SOURCE_ROOT";
		};
		9B1BA5F78308420BA2770AF9 = {
			isa = PBXFileReference;
			lastKnownFileType = sourcecode.cpp.objcpp;
			name = "include_juce_audio_utils.mm";
			path = "../../JuceLibraryCode/include_juce_audio_utils.mm";
			sourceTree = "SOURCE_ROOT";
		};
		9CEB841C55D69F96B0C2783B = {
			isa = PBXFileReference;
			lastKnownFileType = sourcecode.c.h;
			name = PanelGeneralControls.h;
			path = ../../Source/PanelGeneralControls.h;
			sourceTree = "SOURCE_ROOT";
		};
		9F2C419A248E7D50877A47A1 = {
			isa = PBXFileReference;
			lastKnownFileType = sourcecode.cpp.objcpp;
			name = "include_juce_core.mm";
			path = "../../JuceLibraryCode/include_juce_core.mm";
			sourceTree = "SOURCE_ROOT";
		};
		9FD32E72F5206821E693573F = {
			isa = PBXFileReference;
			lastKnownFileType = sourcecode.cpp.cpp;
			name = "include_juce_audio_plugin_client_Standalone.cpp";
			path = "../../JuceLibraryCode/include_juce_audio_plugin_client_Standalone.cpp";
			sourceTree = "SOURCE_ROOT";
		};
		A2779D19A8672BEDB8BB6167 = {
			isa = PBXFileReference;
			lastKnownFileType = sourcecode.c.h;
			name = PluginProcessor.h;
			path = ../../Source/PluginProcessor.h;
			sourceTree = "SOURCE_ROOT";
		};
		A37C8E3E2EA9E6BD3B285AD5 = {
			isa = PBXFileReference;
			lastKnownFileType = sourcecode.c.h;
			name = Filter.h;
			path = ../../Source/Filter.h;
			sourceTree = "SOURCE_ROOT";
		};
		A7416477F9875918F3B34A69 = {
			isa = PBXFileReference;
			lastKnownFileType = sourcecode.cpp.objcpp;
			name = "include_juce_audio_devices.mm";
			path = "../../JuceLibraryCode/include_juce_audio_devices.mm";
			sourceTree = "SOURCE_ROOT";
		};
		ACC9F45C3A291E9401EF8B6E = {
			isa = PBXFileReference;
			lastKnownFileType = sourcecode.cpp.objcpp;
			name = "include_juce_audio_plugin_client_AU_1.mm";
			path = "../../JuceLibraryCode/include_juce_audio_plugin_client_AU_1.mm";
			sourceTree = "SOURCE_ROOT";
		};
		AE16154132E5B2029C3D4338 = {
			isa = PBXFileReference;
			lastKnownFileType = sourcecode.cpp.cpp;
			name = PluginEditor.cpp;
			path = ../../Source/PluginEditor.cpp;
			sourceTree = "SOURCE_ROOT";
		};
		AE87F3C8F4404816CA9FEFBA = {
			isa = PBXFileReference;
			lastKnownFileType = sourcecode.cpp.objcpp;
			name = "include_juce_audio_processors.mm";
			path = "../../JuceLibraryCode/include_juce_audio_processors.mm";
			sourceTree = "SOURCE_ROOT";
		};
		BA4A1625DBD0AF6E660735CA = {
			isa = PBXFileReference;
			lastKnownFileType = wrapper.framework;
			name = OpenGL.framework;
			path = System/Library/Frameworks/OpenGL.framework;
			sourceTree = SDKROOT;
		};
		BE14F60E108018F15DAC8BDC = {
			isa = PBXFileReference;
			lastKnownFileType = wrapper.framework;
			name = DiscRecording.framework;
			path = System/Library/Frameworks/DiscRecording.framework;
			sourceTree = SDKROOT;
		};
		C127B6CF89BA53EE230EC4CA = {
			isa = PBXFileReference;
			lastKnownFileType = sourcecode.cpp.objcpp;
			name = "include_juce_graphics.mm";
			path = "../../JuceLibraryCode/include_juce_graphics.mm";
			sourceTree = "SOURCE_ROOT";
		};
		C59F85277E6297C33B7E5D77 = {
			isa = PBXFileReference;
			lastKnownFileType = sourcecode.cpp.objcpp;
			name = "include_juce_audio_formats.mm";
			path = "../../JuceLibraryCode/include_juce_audio_formats.mm";
			sourceTree = "SOURCE_ROOT";
		};
		CA7665E7D7AEE3974CAA9BE2 = {
			isa = PBXFileReference;
			lastKnownFileType = file;
			name = "juce_opengl";
			path = "/Applications/JUCE/modules/juce_opengl";
			sourceTree = "<absolute>";
		};
		CC0AE291580301593BB341C4 = {
			isa = PBXFileReference;
			lastKnownFileType = wrapper.framework;
			name = CoreMIDI.framework;
			path = System/Library/Frameworks/CoreMIDI.framework;
			sourceTree = SDKROOT;
		};
		CF309A380CF1E3027A1E9A08 = {
			isa = PBXFileReference;
			lastKnownFileType = text.plist.xml;
			name = "Info-AU.plist";
			path = "Info-AU.plist";
			sourceTree = "SOURCE_ROOT";
		};
		D8CDE10751F44AAF9DB1CC0B = {
			isa = PBXFileReference;
			lastKnownFileType = wrapper.framework;
			name = AudioToolbox.framework;
			path = System/Library/Frameworks/AudioToolbox.framework;
			sourceTree = SDKROOT;
		};
		DE41BA8F8BDFD6F7D0933A38 = {
			isa = PBXFileReference;
			lastKnownFileType = sourcecode.cpp.objcpp;
			name = "include_juce_audio_basics.mm";
			path = "../../JuceLibraryCode/include_juce_audio_basics.mm";
			sourceTree = "SOURCE_ROOT";
		};
		E5E3201955A7075F581FD044 = {
			isa = PBXFileReference;
			lastKnownFileType = file;
			name = "juce_audio_utils";
			path = "/Applications/JUCE/modules/juce_audio_utils";
			sourceTree = "<absolute>";
		};
		F2DA3AF0AF5A0EC036F7B230 = {
			isa = PBXFileReference;
			lastKnownFileType = text.plist.xml;
			name = "Shared_Code.entitlements";
			path = "Shared_Code.entitlements";
			sourceTree = "SOURCE_ROOT";
		};
		F50743D43731DC0EA3392C6F = {
			isa = PBXFileReference;
			lastKnownFileType = file.r;
			name = "include_juce_audio_plugin_client_AU.r";
			path = "../../JuceLibraryCode/include_juce_audio_plugin_client_AU.r";
			sourceTree = "SOURCE_ROOT";
		};
		F836DCE0D08097866EC04934 = {
			isa = PBXFileReference;
			lastKnownFileType = file;
			name = "juce_audio_devices";
			path = "/Applications/JUCE/modules/juce_audio_devices";
			sourceTree = "<absolute>";
		};
		FF3FE462F376488EF6E69F0C = {
			isa = PBXFileReference;
			lastKnownFileType = file;
			name = "juce_gui_extra";
			path = "/Applications/JUCE/modules/juce_gui_extra";
			sourceTree = "<absolute>";
		};
		FCAE0F59A44818DF25697B28 = {
			isa = PBXGroup;
			children = (
				A37C8E3E2EA9E6BD3B285AD5,
				2BC2F74A7DBBD23E9DD57CB4,
				9CEB841C55D69F96B0C2783B,
				AE16154132E5B2029C3D4338,
				086C7A21A6FA883F488A7F81,
				5C1AE713DE9949A115A12BCA,
				A2779D19A8672BEDB8BB6167,
			);
			name = Source;
			sourceTree = "<group>";
		};
		7F38291C7C7B12D476A0FF75 = {
			isa = PBXGroup;
			children = (
				FCAE0F59A44818DF25697B28,
			);
			name = ParallelFiltersExample;
			sourceTree = "<group>";
		};
		D27525D479843AF0A1FE91DD = {
			isa = PBXGroup;
			children = (
				1055B61F1CA5C65062842066,
				F836DCE0D08097866EC04934,
				6FEBDC0A79889036F227435E,
				5CFD615851EBCA902386208A,
				00FB39DB55B6B3BFF8D84DCA,
				E5E3201955A7075F581FD044,
				7AC4B53E90C93ADBB61AEFAC,
				59AC3873B30DC2704FA12DF1,
				6517C622F625BA7F60B289C6,
				15516A4D06FF6958288689E6,
				591BE603630A60673F5F8F01,
				6BCF47C3018F17BDFFB57BFF,
				FF3FE462F376488EF6E69F0C,
				CA7665E7D7AEE3974CAA9BE2,
			);
			name = "JUCE Modules";
			sourceTree = "<group>";
		};
		5BB9736EDBBFFEA7453FF63B = {
			isa = PBXGroup;
			children = (
				3B39EAE059F6720CB09368AD,
				DE41BA8F8BDFD6F7D0933A38,
				A7416477F9875918F3B34A69,
				C59F85277E6297C33B7E5D77,
				F50743D43731DC0EA3392C6F,
				ACC9F45C3A291E9401EF8B6E,
				3870FE4B284E8077D88B9749,
				9FD32E72F5206821E693573F,
				2EDD025269248045283FE951,
				23876396E838D3078F574B28,
				143B4A598F7AF763A0576F5E,
				AE87F3C8F4404816CA9FEFBA,
				9B1BA5F78308420BA2770AF9,
				9F2C419A248E7D50877A47A1,
				0A10C3D6C88977998EAD3BD6,
				5E41AAE971DFB6D03F64A007,
				832B05DC5953E064A555430B,
				C127B6CF89BA53EE230EC4CA,
				15B498AE41ABF576E73F16FF,
				4625F2B0E7F027E14EC3FABE,
				8CC8C164FBB03EE431A4ADFA,
				152AF3F863E71E4ABF6EB723,
			);
			name = "JUCE Library Code";
			sourceTree = "<group>";
		};
		49959567DB9732F7FCA1D942 = {
			isa = PBXGroup;
			children = (
				61BA3EA2000B4B92600E7329,
				CF309A380CF1E3027A1E9A08,
				7EC53A3792CBCA68E19E9869,
				810A674879EC8801F036FF7A,
			);
			name = Resources;
			sourceTree = "<group>";
		};
		75A3FC6592D4A9BDD8F0325E = {
			isa = PBXGroup;
			children = (
				11A57B98ED0045F23B257F11,
				D8CDE10751F44AAF9DB1CC0B,
				49AA86A20BDB9A993DD5B48F,
				6773BA81D12B2223251AC05A,
				52B94618ADC92DE33D0EC9D0,
				01FC61CC6475425294C68957,
				7AC5DCF0CF1F3DBEFB26EBEC,
				CC0AE291580301593BB341C4,
				BE14F60E108018F15DAC8BDC,
				4D36E470759F4CA3648F250A,
				BA4A1625DBD0AF6E660735CA,
				28F1CDD3F5C293D97BDC9FC1,
				46DDD62D92B87C40A406A24F,
			);
			name = Frameworks;
			sourceTree = "<group>";
		};
		8C444A0DF58F7ACE5F16895F = {
			isa = PBXGroup;
			children = (
				8D6618C02A04A47544EF6415,
				1ABB9488096595B90DB5A225,
				2CD698FE679E08430DB9D8C7,
				6FEC86B76510B486E82F81E9,
			);
			name = Products;
			sourceTree = "<group>";
		};
		DD30A7EC878D404BD9C76A25 = {
			isa = PBXGroup;
			children = (
				7F38291C7C7B12D476A0FF75,
				D27525D479843AF0A1FE91DD,
				5BB9736EDBBFFEA7453FF63B,
				49959567DB9732F7FCA1D942,
				75A3FC6592D4A9BDD8F0325E,
				8C444A0DF58F7ACE5F16895F,
			);
			name = Source;
			sourceTree = "<group>";
		};
		FE99A84B07440419AA2A7D1F = {
			isa = XCBuildConfiguration;
			buildSettings = {
				MACOSX_DEPLOYMENT_TARGET = 10.11;
			};
			name = Debug;
		};
		5E0DC15B1DD2FFEBFDB69160 = {
			isa = XCBuildConfiguration;
			buildSettings = {
				MACOSX_DEPLOYMENT_TARGET = 10.11;
			};
			name = Release;
		};
		011D4B038DBEF6FE4AD20984 = {
			isa = XCBuildConfiguration;
			buildSettings = {
				CLANG_CXX_LANGUAGE_STANDARD = "c++14";
				CLANG_CXX_LIBRARY = "libc++";
				CLANG_LINK_OBJC_RUNTIME = NO;
				CODE_SIGN_IDENTITY = "";
				COMBINE_HIDPI_IMAGES = YES;
				CONFIGURATION_BUILD_DIR = "$(PROJECT_DIR)/build/$(CONFIGURATION)";
				COPY_PHASE_STRIP = NO;
				DEPLOYMENT_LOCATION = YES;
				DSTROOT = /;
				GCC_DYNAMIC_NO_PIC = NO;
				GCC_OPTIMIZATION_LEVEL = 0;
				GCC_PREPROCESSOR_DEFINITIONS = (
					"_DEBUG=1",
					"DEBUG=1",
					"JUCER_XCODE_MAC_F6D2F4CF=1",
					"JUCE_APP_VERSION=1.0.0",
					"JUCE_APP_VERSION_HEX=0x10000",
					"JucePlugin_Build_VST=0",
					"JucePlugin_Build_VST3=1",
					"JucePlugin_Build_AU=0",
					"JucePlugin_Build_AUv3=0",
					"JucePlugin_Build_RTAS=0",
					"JucePlugin_Build_AAX=0",
					"JucePlugin_Build_Standalone=0",
					"JucePlugin_Build_Unity=0",
				);
				GCC_VERSION = com.apple.compilers.llvm.clang.1_0;
				GENERATE_PKGINFO_FILE = YES;
				HEADER_SEARCH_PATHS = (
					"/Users/luca/SDKs/VST3_SDK",
					"../../JuceLibraryCode",
					"/Applications/JUCE/modules",
					"/Applications/JUCE/modules/juce_audio_plugin_client",
					"$(inherited)",
				);
				INFOPLIST_FILE = Info-VST3.plist;
				INFOPLIST_PREPROCESS = NO;
				INSTALL_PATH = "$(HOME)/Library/Audio/Plug-Ins/VST3/";
				LIBRARY_STYLE = Bundle;
				MACOSX_DEPLOYMENT_TARGET = 10.11;
				OTHER_LDFLAGS = "-bundle -lParallelFiltersExample";
				PRODUCT_BUNDLE_IDENTIFIER = com.yourcompany.ParallelFiltersExample;
				PRODUCT_NAME = "ParallelFiltersExample";
				USE_HEADERMAP = NO;
				WRAPPER_EXTENSION = vst3;
			};
			name = Debug;
		};
		9BF14D1E27C246D09636DE51 = {
			isa = XCBuildConfiguration;
			buildSettings = {
				CLANG_CXX_LANGUAGE_STANDARD = "c++14";
				CLANG_CXX_LIBRARY = "libc++";
				CLANG_LINK_OBJC_RUNTIME = NO;
				CODE_SIGN_IDENTITY = "";
				COMBINE_HIDPI_IMAGES = YES;
				CONFIGURATION_BUILD_DIR = "$(PROJECT_DIR)/build/$(CONFIGURATION)";
				DEAD_CODE_STRIPPING = YES;
				DEPLOYMENT_LOCATION = YES;
				DSTROOT = /;
				GCC_GENERATE_DEBUGGING_SYMBOLS = NO;
				GCC_OPTIMIZATION_LEVEL = 3;
				GCC_PREPROCESSOR_DEFINITIONS = (
					"_NDEBUG=1",
					"NDEBUG=1",
					"JUCER_XCODE_MAC_F6D2F4CF=1",
					"JUCE_APP_VERSION=1.0.0",
					"JUCE_APP_VERSION_HEX=0x10000",
					"JucePlugin_Build_VST=0",
					"JucePlugin_Build_VST3=1",
					"JucePlugin_Build_AU=0",
					"JucePlugin_Build_AUv3=0",
					"JucePlugin_Build_RTAS=0",
					"JucePlugin_Build_AAX=0",
					"JucePlugin_Build_Standalone=0",
					"JucePlugin_Build_Unity=0",
				);
				GCC_SYMBOLS_PRIVATE_EXTERN = YES;
				GCC_VERSION = com.apple.compilers.llvm.clang.1_0;
				GENERATE_PKGINFO_FILE = YES;
				HEADER_SEARCH_PATHS = (
					"/Users/luca/SDKs/VST3_SDK",
					"../../JuceLibraryCode",
					"/Applications/JUCE/modules",
					"/Applications/JUCE/modules/juce_audio_plugin_client",
					"$(inherited)",
				);
				INFOPLIST_FILE = Info-VST3.plist;
				INFOPLIST_PREPROCESS = NO;
				INSTALL_PATH = "$(HOME)/Library/Audio/Plug-Ins/VST3/";
				LIBRARY_STYLE = Bundle;
				LLVM_LTO = YES;
				MACOSX_DEPLOYMENT_TARGET = 10.11;
				OTHER_LDFLAGS = "-bundle -lParallelFiltersExample";
				PRODUCT_BUNDLE_IDENTIFIER = com.yourcompany.ParallelFiltersExample;
				PRODUCT_NAME = "ParallelFiltersExample";
				USE_HEADERMAP = NO;
				WRAPPER_EXTENSION = vst3;
			};
			name = Release;
		};
		A0AA5B0DA2D748CDB5DD51C1 = {
			isa = XCBuildConfiguration;
			buildSettings = {
				CLANG_CXX_LANGUAGE_STANDARD = "c++14";
				CLANG_CXX_LIBRARY = "libc++";
				CLANG_LINK_OBJC_RUNTIME = NO;
				CODE_SIGN_IDENTITY = "";
				COMBINE_HIDPI_IMAGES = YES;
				CONFIGURATION_BUILD_DIR = "$(PROJECT_DIR)/build/$(CONFIGURATION)";
				COPY_PHASE_STRIP = NO;
				DEPLOYMENT_LOCATION = YES;
				DSTROOT = /;
				GCC_DYNAMIC_NO_PIC = NO;
				GCC_OPTIMIZATION_LEVEL = 0;
				GCC_PREPROCESSOR_DEFINITIONS = (
					"_DEBUG=1",
					"DEBUG=1",
					"JUCER_XCODE_MAC_F6D2F4CF=1",
					"JUCE_APP_VERSION=1.0.0",
					"JUCE_APP_VERSION_HEX=0x10000",
					"JucePlugin_Build_VST=0",
					"JucePlugin_Build_VST3=0",
					"JucePlugin_Build_AU=1",
					"JucePlugin_Build_AUv3=0",
					"JucePlugin_Build_RTAS=0",
					"JucePlugin_Build_AAX=0",
					"JucePlugin_Build_Standalone=0",
					"JucePlugin_Build_Unity=0",
				);
				GCC_VERSION = com.apple.compilers.llvm.clang.1_0;
				GENERATE_PKGINFO_FILE = YES;
				HEADER_SEARCH_PATHS = (
					"/Users/luca/SDKs/VST3_SDK",
					"../../JuceLibraryCode",
					"/Applications/JUCE/modules",
					"/Applications/JUCE/modules/juce_audio_plugin_client",
					"$(inherited)",
				);
				INFOPLIST_FILE = Info-AU.plist;
				INFOPLIST_PREPROCESS = NO;
				INSTALL_PATH = "$(HOME)/Library/Audio/Plug-Ins/Components/";
				LIBRARY_STYLE = Bundle;
				MACOSX_DEPLOYMENT_TARGET = 10.11;
				OTHER_LDFLAGS = "-bundle -lParallelFiltersExample";
				OTHER_REZFLAGS = "-d ppc_$ppc -d i386_$i386 -d ppc64_$ppc64 -d x86_64_$x86_64 -I /System/Library/Frameworks/CoreServices.framework/Frameworks/CarbonCore.framework/Versions/A/Headers -I \"$(DEVELOPER_DIR)/Extras/CoreAudio/AudioUnits/AUPublic/AUBase\" -I \"$(DEVELOPER_DIR)/Platforms/MacOSX.platform/Developer/SDKs/MacOSX.sdk/System/Library/Frameworks/AudioUnit.framework/Headers\"";
				PRODUCT_BUNDLE_IDENTIFIER = com.yourcompany.ParallelFiltersExample;
				PRODUCT_NAME = "ParallelFiltersExample";
				USE_HEADERMAP = NO;
				WRAPPER_EXTENSION = component;
			};
			name = Debug;
		};
		6AB9F9715CFA3D3A0B02C16F = {
			isa = XCBuildConfiguration;
			buildSettings = {
				CLANG_CXX_LANGUAGE_STANDARD = "c++14";
				CLANG_CXX_LIBRARY = "libc++";
				CLANG_LINK_OBJC_RUNTIME = NO;
				CODE_SIGN_IDENTITY = "";
				COMBINE_HIDPI_IMAGES = YES;
				CONFIGURATION_BUILD_DIR = "$(PROJECT_DIR)/build/$(CONFIGURATION)";
				DEAD_CODE_STRIPPING = YES;
				DEPLOYMENT_LOCATION = YES;
				DSTROOT = /;
				GCC_GENERATE_DEBUGGING_SYMBOLS = NO;
				GCC_OPTIMIZATION_LEVEL = 3;
				GCC_PREPROCESSOR_DEFINITIONS = (
					"_NDEBUG=1",
					"NDEBUG=1",
					"JUCER_XCODE_MAC_F6D2F4CF=1",
					"JUCE_APP_VERSION=1.0.0",
					"JUCE_APP_VERSION_HEX=0x10000",
					"JucePlugin_Build_VST=0",
					"JucePlugin_Build_VST3=0",
					"JucePlugin_Build_AU=1",
					"JucePlugin_Build_AUv3=0",
					"JucePlugin_Build_RTAS=0",
					"JucePlugin_Build_AAX=0",
					"JucePlugin_Build_Standalone=0",
					"JucePlugin_Build_Unity=0",
				);
				GCC_SYMBOLS_PRIVATE_EXTERN = YES;
				GCC_VERSION = com.apple.compilers.llvm.clang.1_0;
				GENERATE_PKGINFO_FILE = YES;
				HEADER_SEARCH_PATHS = (
					"/Users/luca/SDKs/VST3_SDK",
					"../../JuceLibraryCode",
					"/Applications/JUCE/modules",
					"/Applications/JUCE/modules/juce_audio_plugin_client",
					"$(inherited)",
				);
				INFOPLIST_FILE = Info-AU.plist;
				INFOPLIST_PREPROCESS = NO;
				INSTALL_PATH = "$(HOME)/Library/Audio/Plug-Ins/Components/";
				LIBRARY_STYLE = Bundle;
				LLVM_LTO = YES;
				MACOSX_DEPLOYMENT_TARGET = 10.11;
				OTHER_LDFLAGS = "-bundle -lParallelFiltersExample";
				OTHER_REZFLAGS = "-d ppc_$ppc -d i386_$i386 -d ppc64_$ppc64 -d x86_64_$x86_64 -I /System/Library/Frameworks/CoreServices.framework/Frameworks/CarbonCore.framework/Versions/A/Headers -I \"$(DEVELOPER_DIR)/Extras/CoreAudio/AudioUnits/AUPublic/AUBase\" -I \"$(DEVELOPER_DIR)/Platforms/MacOSX.platform/Developer/SDKs/MacOSX.sdk/System/Library/Frameworks/AudioUnit.framework/Headers\"";
				PRODUCT_BUNDLE_IDENTIFIER = com.yourcompany.ParallelFiltersExample;
				PRODUCT_NAME = "ParallelFiltersExample";
				USE_HEADERMAP = NO;
				WRAPPER_EXTENSION = component;
			};
			name = Release;
		};
		B35411CE89137F57C27AA182 = {
			isa = XCBuildConfiguration;
			buildSettings = {
				CLANG_CXX_LANGUAGE_STANDARD = "c++14";
				CLANG_CXX_LIBRARY = "libc++";
				CLANG_LINK_OBJC_RUNTIME = NO;
				CODE_SIGN_IDENTITY = "";
				COMBINE_HIDPI_IMAGES = YES;
				CONFIGURATION_BUILD_DIR = "$(PROJECT_DIR)/build/$(CONFIGURATION)";
				COPY_PHASE_STRIP = NO;
				GCC_DYNAMIC_NO_PIC = NO;
				GCC_OPTIMIZATION_LEVEL = 0;
				GCC_PREPROCESSOR_DEFINITIONS = (
					"_DEBUG=1",
					"DEBUG=1",
					"JUCER_XCODE_MAC_F6D2F4CF=1",
					"JUCE_APP_VERSION=1.0.0",
					"JUCE_APP_VERSION_HEX=0x10000",
					"JucePlugin_Build_VST=0",
					"JucePlugin_Build_VST3=0",
					"JucePlugin_Build_AU=0",
					"JucePlugin_Build_AUv3=0",
					"JucePlugin_Build_RTAS=0",
					"JucePlugin_Build_AAX=0",
					"JucePlugin_Build_Standalone=1",
					"JucePlugin_Build_Unity=0",
				);
				GCC_VERSION = com.apple.compilers.llvm.clang.1_0;
				HEADER_SEARCH_PATHS = (
					"/Users/luca/SDKs/VST3_SDK",
					"../../JuceLibraryCode",
					"/Applications/JUCE/modules",
					"/Applications/JUCE/modules/juce_audio_plugin_client",
					"$(inherited)",
				);
				INFOPLIST_FILE = Info-Standalone_Plugin.plist;
				INFOPLIST_PREPROCESS = NO;
				MACOSX_DEPLOYMENT_TARGET = 10.11;
				OTHER_LDFLAGS = "-lParallelFiltersExample";
				PRODUCT_BUNDLE_IDENTIFIER = com.yourcompany.ParallelFiltersExample;
				PRODUCT_NAME = "ParallelFiltersExample";
				USE_HEADERMAP = NO;
			};
			name = Debug;
		};
		BCC52162CE57D767975E9D23 = {
			isa = XCBuildConfiguration;
			buildSettings = {
				CLANG_CXX_LANGUAGE_STANDARD = "c++14";
				CLANG_CXX_LIBRARY = "libc++";
				CLANG_LINK_OBJC_RUNTIME = NO;
				CODE_SIGN_IDENTITY = "";
				COMBINE_HIDPI_IMAGES = YES;
				CONFIGURATION_BUILD_DIR = "$(PROJECT_DIR)/build/$(CONFIGURATION)";
				DEAD_CODE_STRIPPING = YES;
				GCC_GENERATE_DEBUGGING_SYMBOLS = NO;
				GCC_OPTIMIZATION_LEVEL = 3;
				GCC_PREPROCESSOR_DEFINITIONS = (
					"_NDEBUG=1",
					"NDEBUG=1",
					"JUCER_XCODE_MAC_F6D2F4CF=1",
					"JUCE_APP_VERSION=1.0.0",
					"JUCE_APP_VERSION_HEX=0x10000",
					"JucePlugin_Build_VST=0",
					"JucePlugin_Build_VST3=0",
					"JucePlugin_Build_AU=0",
					"JucePlugin_Build_AUv3=0",
					"JucePlugin_Build_RTAS=0",
					"JucePlugin_Build_AAX=0",
					"JucePlugin_Build_Standalone=1",
					"JucePlugin_Build_Unity=0",
				);
				GCC_SYMBOLS_PRIVATE_EXTERN = YES;
				GCC_VERSION = com.apple.compilers.llvm.clang.1_0;
				HEADER_SEARCH_PATHS = (
					"/Users/luca/SDKs/VST3_SDK",
					"../../JuceLibraryCode",
					"/Applications/JUCE/modules",
					"/Applications/JUCE/modules/juce_audio_plugin_client",
					"$(inherited)",
				);
				INFOPLIST_FILE = Info-Standalone_Plugin.plist;
				INFOPLIST_PREPROCESS = NO;
				LLVM_LTO = YES;
				MACOSX_DEPLOYMENT_TARGET = 10.11;
				OTHER_LDFLAGS = "-lParallelFiltersExample";
				PRODUCT_BUNDLE_IDENTIFIER = com.yourcompany.ParallelFiltersExample;
				PRODUCT_NAME = "ParallelFiltersExample";
				USE_HEADERMAP = NO;
			};
			name = Release;
		};
		BF572A08B33E0E9D3C253ECD = {
			isa = XCBuildConfiguration;
			buildSettings = {
				CLANG_CXX_LANGUAGE_STANDARD = "c++14";
				CLANG_CXX_LIBRARY = "libc++";
				CLANG_LINK_OBJC_RUNTIME = NO;
				CODE_SIGN_IDENTITY = "";
				COMBINE_HIDPI_IMAGES = YES;
				CONFIGURATION_BUILD_DIR = "$(PROJECT_DIR)/build/$(CONFIGURATION)";
				COPY_PHASE_STRIP = NO;
				GCC_DYNAMIC_NO_PIC = NO;
				GCC_OPTIMIZATION_LEVEL = 0;
				GCC_PREPROCESSOR_DEFINITIONS = (
					"_DEBUG=1",
					"DEBUG=1",
					"JUCER_XCODE_MAC_F6D2F4CF=1",
					"JUCE_APP_VERSION=1.0.0",
					"JUCE_APP_VERSION_HEX=0x10000",
					"JucePlugin_Build_VST=0",
					"JucePlugin_Build_VST3=1",
					"JucePlugin_Build_AU=1",
					"JucePlugin_Build_AUv3=0",
					"JucePlugin_Build_RTAS=0",
					"JucePlugin_Build_AAX=0",
					"JucePlugin_Build_Standalone=1",
					"JucePlugin_Build_Unity=0",
					"JUCE_SHARED_CODE=1",
				);
				GCC_VERSION = com.apple.compilers.llvm.clang.1_0;
				HEADER_SEARCH_PATHS = (
					"/Users/luca/SDKs/VST3_SDK",
					"../../JuceLibraryCode",
					"/Applications/JUCE/modules",
					"/Applications/JUCE/modules/juce_audio_plugin_client",
					"$(inherited)",
				);
				INSTALL_PATH = "@executable_path/../Frameworks";
				MACOSX_DEPLOYMENT_TARGET = 10.11;
				PRODUCT_BUNDLE_IDENTIFIER = com.yourcompany.ParallelFiltersExample;
				PRODUCT_NAME = "ParallelFiltersExample";
				SKIP_INSTALL = YES;
				USE_HEADERMAP = NO;
			};
			name = Debug;
		};
		0E9BDC57F3100D60A3C5CA68 = {
			isa = XCBuildConfiguration;
			buildSettings = {
				CLANG_CXX_LANGUAGE_STANDARD = "c++14";
				CLANG_CXX_LIBRARY = "libc++";
				CLANG_LINK_OBJC_RUNTIME = NO;
				CODE_SIGN_IDENTITY = "";
				COMBINE_HIDPI_IMAGES = YES;
				CONFIGURATION_BUILD_DIR = "$(PROJECT_DIR)/build/$(CONFIGURATION)";
				DEAD_CODE_STRIPPING = YES;
				GCC_GENERATE_DEBUGGING_SYMBOLS = NO;
				GCC_OPTIMIZATION_LEVEL = 3;
				GCC_PREPROCESSOR_DEFINITIONS = (
					"_NDEBUG=1",
					"NDEBUG=1",
					"JUCER_XCODE_MAC_F6D2F4CF=1",
					"JUCE_APP_VERSION=1.0.0",
					"JUCE_APP_VERSION_HEX=0x10000",
					"JucePlugin_Build_VST=0",
					"JucePlugin_Build_VST3=1",
					"JucePlugin_Build_AU=1",
					"JucePlugin_Build_AUv3=0",
					"JucePlugin_Build_RTAS=0",
					"JucePlugin_Build_AAX=0",
					"JucePlugin_Build_Standalone=1",
					"JucePlugin_Build_Unity=0",
					"JUCE_SHARED_CODE=1",
				);
				GCC_SYMBOLS_PRIVATE_EXTERN = YES;
				GCC_VERSION = com.apple.compilers.llvm.clang.1_0;
				HEADER_SEARCH_PATHS = (
					"/Users/luca/SDKs/VST3_SDK",
					"../../JuceLibraryCode",
					"/Applications/JUCE/modules",
					"/Applications/JUCE/modules/juce_audio_plugin_client",
					"$(inherited)",
				);
				INSTALL_PATH = "@executable_path/../Frameworks";
				LLVM_LTO = YES;
				MACOSX_DEPLOYMENT_TARGET = 10.11;
				PRODUCT_BUNDLE_IDENTIFIER = com.yourcompany.ParallelFiltersExample;
				PRODUCT_NAME = "ParallelFiltersExample";
				SKIP_INSTALL = YES;
				USE_HEADERMAP = NO;
			};
			name = Release;
		};
		02956F9E3FBE7F757A90802B = {
			isa = XCBuildConfiguration;
			buildSettings = {
				ALWAYS_SEARCH_USER_PATHS = NO;
				CLANG_ENABLE_OBJC_WEAK = YES;
				CLANG_WARN_BLOCK_CAPTURE_AUTORELEASING = YES;
				CLANG_WARN_BOOL_CONVERSION = YES;
				CLANG_WARN_COMMA = YES;
				CLANG_WARN_CONSTANT_CONVERSION = YES;
				CLANG_WARN_DEPRECATED_OBJC_IMPLEMENTATIONS = YES;
				CLANG_WARN_EMPTY_BODY = YES;
				CLANG_WARN_ENUM_CONVERSION = YES;
				CLANG_WARN_INFINITE_RECURSION = YES;
				CLANG_WARN_INT_CONVERSION = YES;
				CLANG_WARN_NON_LITERAL_NULL_CONVERSION = YES;
				CLANG_WARN_OBJC_IMPLICIT_RETAIN_SELF = YES;
				CLANG_WARN_OBJC_LITERAL_CONVERSION = YES;
				CLANG_WARN_RANGE_LOOP_ANALYSIS = YES;
				CLANG_WARN_STRICT_PROTOTYPES = YES;
				CLANG_WARN_SUSPICIOUS_MOVE = YES;
				CLANG_WARN_UNREACHABLE_CODE = YES;
				CLANG_WARN__DUPLICATE_METHOD_MATCH = YES;
				CODE_SIGN_IDENTITY = "";
				DEBUG_INFORMATION_FORMAT = dwarf;
				ENABLE_STRICT_OBJC_MSGSEND = YES;
				ENABLE_TESTABILITY = YES;
				GCC_C_LANGUAGE_STANDARD = c11;
				GCC_INLINES_ARE_PRIVATE_EXTERN = YES;
				GCC_MODEL_TUNING = G5;
				GCC_NO_COMMON_BLOCKS = YES;
				GCC_WARN_64_TO_32_BIT_CONVERSION = YES;
				GCC_WARN_ABOUT_RETURN_TYPE = YES;
				GCC_WARN_CHECK_SWITCH_STATEMENTS = YES;
				GCC_WARN_MISSING_PARENTHESES = YES;
				GCC_WARN_NON_VIRTUAL_DESTRUCTOR = YES;
				GCC_WARN_TYPECHECK_CALLS_TO_PRINTF = YES;
				GCC_WARN_UNDECLARED_SELECTOR = YES;
				GCC_WARN_UNINITIALIZED_AUTOS = YES;
				GCC_WARN_UNUSED_FUNCTION = YES;
				GCC_WARN_UNUSED_VARIABLE = YES;
				ONLY_ACTIVE_ARCH = YES;
				PRODUCT_NAME = "ParallelFiltersExample";
				WARNING_CFLAGS = "-Wreorder";
				ZERO_LINK = NO;
			};
			name = Debug;
		};
		CCA97F8DD9F6E5249AE72575 = {
			isa = XCBuildConfiguration;
			buildSettings = {
				ALWAYS_SEARCH_USER_PATHS = NO;
				CLANG_ENABLE_OBJC_WEAK = YES;
				CLANG_WARN_BLOCK_CAPTURE_AUTORELEASING = YES;
				CLANG_WARN_BOOL_CONVERSION = YES;
				CLANG_WARN_COMMA = YES;
				CLANG_WARN_CONSTANT_CONVERSION = YES;
				CLANG_WARN_DEPRECATED_OBJC_IMPLEMENTATIONS = YES;
				CLANG_WARN_EMPTY_BODY = YES;
				CLANG_WARN_ENUM_CONVERSION = YES;
				CLANG_WARN_INFINITE_RECURSION = YES;
				CLANG_WARN_INT_CONVERSION = YES;
				CLANG_WARN_NON_LITERAL_NULL_CONVERSION = YES;
				CLANG_WARN_OBJC_IMPLICIT_RETAIN_SELF = YES;
				CLANG_WARN_OBJC_LITERAL_CONVERSION = YES;
				CLANG_WARN_RANGE_LOOP_ANALYSIS = YES;
				CLANG_WARN_STRICT_PROTOTYPES = YES;
				CLANG_WARN_SUSPICIOUS_MOVE = YES;
				CLANG_WARN_UNREACHABLE_CODE = YES;
				CLANG_WARN__DUPLICATE_METHOD_MATCH = YES;
				CODE_SIGN_IDENTITY = "";
				DEBUG_INFORMATION_FORMAT = dwarf;
				ENABLE_STRICT_OBJC_MSGSEND = YES;
				GCC_C_LANGUAGE_STANDARD = c11;
				GCC_INLINES_ARE_PRIVATE_EXTERN = YES;
				GCC_MODEL_TUNING = G5;
				GCC_NO_COMMON_BLOCKS = YES;
				GCC_WARN_64_TO_32_BIT_CONVERSION = YES;
				GCC_WARN_ABOUT_RETURN_TYPE = YES;
				GCC_WARN_CHECK_SWITCH_STATEMENTS = YES;
				GCC_WARN_MISSING_PARENTHESES = YES;
				GCC_WARN_NON_VIRTUAL_DESTRUCTOR = YES;
				GCC_WARN_TYPECHECK_CALLS_TO_PRINTF = YES;
				GCC_WARN_UNDECLARED_SELECTOR = YES;
				GCC_WARN_UNINITIALIZED_AUTOS = YES;
				GCC_WARN_UNUSED_FUNCTION = YES;
				GCC_WARN_UNUSED_VARIABLE = YES;
				PRODUCT_NAME = "ParallelFiltersExample";
				WARNING_CFLAGS = "-Wreorder";
				ZERO_LINK = NO;
			};
			name = Release;
		};
		027E5D8623AC99B7816E8306 = {
			isa = PBXTargetDependency;
			target = 6AE2490D9EDBBA97393D9C38;
		};
		8574A1F0F30C100D4116934F = {
			isa = PBXTargetDependency;
			target = D2D5766F28C44B598B5F2939;
		};
		3BABB5C1326E19703FC877A5 = {
			isa = PBXTargetDependency;
			target = B0453A93FF26C44F1500A107;
		};
		977CECFD62DD7247796FB597 = {
			isa = PBXTargetDependency;
			target = 71CECA96DD33A9F903E0EE57;
		};
		438E1DFF815B1C9643E92D38 = {
			isa = XCConfigurationList;
			buildConfigurations = (
				02956F9E3FBE7F757A90802B,
				CCA97F8DD9F6E5249AE72575,
			);
			defaultConfigurationIsVisible = 0;
			defaultConfigurationName = Debug;
		};
		99F97A9B1759BDA5E3B7E63E = {
			isa = XCConfigurationList;
			buildConfigurations = (
				FE99A84B07440419AA2A7D1F,
				5E0DC15B1DD2FFEBFDB69160,
			);
			defaultConfigurationIsVisible = 0;
			defaultConfigurationName = Debug;
		};
		B6AF9594673C98CD18B15DB7 = {
			isa = PBXAggregateTarget;
			buildConfigurationList = 99F97A9B1759BDA5E3B7E63E;
			buildPhases = ( );
			buildRules = ( );
			dependencies = (
				027E5D8623AC99B7816E8306,
				8574A1F0F30C100D4116934F,
				3BABB5C1326E19703FC877A5,
				977CECFD62DD7247796FB597,
			);
			name = "ParallelFiltersExample - All";
			productName = ParallelFiltersExample;
		};
		B4A83BF9E65899E76C82973E = {
			isa = XCConfigurationList;
			buildConfigurations = (
				011D4B038DBEF6FE4AD20984,
				9BF14D1E27C246D09636DE51,
			);
			defaultConfigurationIsVisible = 0;
			defaultConfigurationName = Debug;
		};
		0179EC0AC060F8DAE90878CA = {
			isa = PBXResourcesBuildPhase;
			buildActionMask = 2147483647;
			files = (
				16D9C201F8FEC74BBA2EC82F,
			);
			runOnlyForDeploymentPostprocessing = 0;
		};
		8D0920CCDE39E63187332E58 = {
			isa = PBXSourcesBuildPhase;
			buildActionMask = 2147483647;
			files = (
				FFA1248F3E0782DDC3AA48E1,
			);
			runOnlyForDeploymentPostprocessing = 0;
		};
		3221983B74228837C40A990B = {
			isa = PBXFrameworksBuildPhase;
			buildActionMask = 2147483647;
			files = (
				638916DB77475FD9F85E1FD9,
				F3C5522C74E10D2AF13058A4,
				79F58F3BCB15CDE7C6BA56A2,
				4E3C81E826198F69B33474CC,
				299F734668C0D63D0CC064EB,
				4CF6D948EFA35F6861CEF8DF,
				6F81CF33464382B3CEE110C8,
				01091E2F222F800984307CC0,
				6C86F71DF45537CD91BB7899,
				E4250729AAE003D3D4580E46,
				020387737D0DE0C2D30AAB49,
				21DF8860C2A830F3C33925DB,
			);
			runOnlyForDeploymentPostprocessing = 0;
		};
		6AE2490D9EDBBA97393D9C38 = {
			isa = PBXNativeTarget;
			buildConfigurationList = B4A83BF9E65899E76C82973E;
			buildPhases = (
				0179EC0AC060F8DAE90878CA,
				8D0920CCDE39E63187332E58,
				3221983B74228837C40A990B,
			);
			buildRules = ( );
			dependencies = (
				977CECFD62DD7247796FB597,
			);
			name = "ParallelFiltersExample - VST3";
			productName = ParallelFiltersExample;
			productReference = 8D6618C02A04A47544EF6415;
			productType = "com.apple.product-type.bundle";
		};
		B047025431C3106AF399A792 = {
			isa = XCConfigurationList;
			buildConfigurations = (
				A0AA5B0DA2D748CDB5DD51C1,
				6AB9F9715CFA3D3A0B02C16F,
			);
			defaultConfigurationIsVisible = 0;
			defaultConfigurationName = Debug;
		};
		65EDB2D288724FAAD4C20169 = {
			isa = PBXResourcesBuildPhase;
			buildActionMask = 2147483647;
			files = (
				16D9C201F8FEC74BBA2EC82F,
			);
			runOnlyForDeploymentPostprocessing = 0;
		};
		634A518820A1D91B4F0CE415 = {
			isa = PBXRezBuildPhase;
			buildActionMask = 2147483647;
			files = (
				31E5C279840D5A0B5EB1412D,
			);
			runOnlyForDeploymentPostprocessing = 0;
		};
		864E7903537B600318FD04B8 = {
			isa = PBXSourcesBuildPhase;
			buildActionMask = 2147483647;
			files = (
				1B2369C3C41AEA84039E3414,
				C6C8549AB0D69E6BD180B577,
			);
			runOnlyForDeploymentPostprocessing = 0;
		};
		44AF81651DCB8285A70F8B76 = {
			isa = PBXFrameworksBuildPhase;
			buildActionMask = 2147483647;
			files = (
				638916DB77475FD9F85E1FD9,
				F3C5522C74E10D2AF13058A4,
				E669E2C8FD9777B8C2FDCBCB,
				79F58F3BCB15CDE7C6BA56A2,
				4E3C81E826198F69B33474CC,
				299F734668C0D63D0CC064EB,
				4CF6D948EFA35F6861CEF8DF,
				6F81CF33464382B3CEE110C8,
				01091E2F222F800984307CC0,
				6C86F71DF45537CD91BB7899,
				E4250729AAE003D3D4580E46,
				020387737D0DE0C2D30AAB49,
				21DF8860C2A830F3C33925DB,
			);
			runOnlyForDeploymentPostprocessing = 0;
		};
		D2D5766F28C44B598B5F2939 = {
			isa = PBXNativeTarget;
			buildConfigurationList = B047025431C3106AF399A792;
			buildPhases = (
				65EDB2D288724FAAD4C20169,
				634A518820A1D91B4F0CE415,
				864E7903537B600318FD04B8,
				44AF81651DCB8285A70F8B76,
			);
			buildRules = ( );
			dependencies = (
				977CECFD62DD7247796FB597,
			);
			name = "ParallelFiltersExample - AU";
			productName = ParallelFiltersExample;
			productReference = 1ABB9488096595B90DB5A225;
			productType = "com.apple.product-type.bundle";
		};
		391BEF8EF40B906F765BAAEE = {
			isa = XCConfigurationList;
			buildConfigurations = (
				B35411CE89137F57C27AA182,
				BCC52162CE57D767975E9D23,
			);
			defaultConfigurationIsVisible = 0;
			defaultConfigurationName = Debug;
		};
		5434B5FA1CC4667FFEDF23AA = {
			isa = PBXResourcesBuildPhase;
			buildActionMask = 2147483647;
			files = (
				16D9C201F8FEC74BBA2EC82F,
			);
			runOnlyForDeploymentPostprocessing = 0;
		};
		2A4A00CCEA2BD797F7D7ED00 = {
			isa = PBXSourcesBuildPhase;
			buildActionMask = 2147483647;
			files = (
				2A9B7E9D10CCE82DC7C93062,
			);
			runOnlyForDeploymentPostprocessing = 0;
		};
		1EE5B0E01DE32B509F452E89 = {
			isa = PBXFrameworksBuildPhase;
			buildActionMask = 2147483647;
			files = (
				638916DB77475FD9F85E1FD9,
				F3C5522C74E10D2AF13058A4,
				79F58F3BCB15CDE7C6BA56A2,
				4E3C81E826198F69B33474CC,
				299F734668C0D63D0CC064EB,
				4CF6D948EFA35F6861CEF8DF,
				6F81CF33464382B3CEE110C8,
				01091E2F222F800984307CC0,
				6C86F71DF45537CD91BB7899,
				E4250729AAE003D3D4580E46,
				020387737D0DE0C2D30AAB49,
				21DF8860C2A830F3C33925DB,
			);
			runOnlyForDeploymentPostprocessing = 0;
		};
		B0453A93FF26C44F1500A107 = {
			isa = PBXNativeTarget;
			buildConfigurationList = 391BEF8EF40B906F765BAAEE;
			buildPhases = (
				5434B5FA1CC4667FFEDF23AA,
				2A4A00CCEA2BD797F7D7ED00,
				1EE5B0E01DE32B509F452E89,
			);
			buildRules = ( );
			dependencies = (
				977CECFD62DD7247796FB597,
			);
			name = "ParallelFiltersExample - Standalone Plugin";
			productName = ParallelFiltersExample;
			productReference = 2CD698FE679E08430DB9D8C7;
			productType = "com.apple.product-type.application";
		};
		CBE97826ED6D836E78BB447E = {
			isa = XCConfigurationList;
			buildConfigurations = (
				BF572A08B33E0E9D3C253ECD,
				0E9BDC57F3100D60A3C5CA68,
			);
			defaultConfigurationIsVisible = 0;
			defaultConfigurationName = Debug;
		};
		9347636366458F7AA1C81FE8 = {
			isa = PBXSourcesBuildPhase;
			buildActionMask = 2147483647;
			files = (
				79A4BA6BA03055DA9421CC63,
				812EA1C6248793D3D370DDD1,
				DACF00538B7F44E515D82794,
				291DA341A0881CCDED136423,
				3487F26C454364F47C726B73,
				2EAD93700F8E73FB5E1213DD,
				97DCF7F265394B632204C4F2,
				8EE2307624B2F0CD6D896FD1,
				737A43F6911815034B59DFD6,
				19FA1EF6A0378CACCAD076FA,
				154EE69E472B135C08F54059,
				0D87893867A1CAA694F2D63E,
				08620579C3A6B3C2A075D4C2,
				B9EF6B714692D6B9CF92D3AB,
				BC017181ED45EC0BC96BAA7B,
				AE29DEA61B0A01CEB389302C,
				F032CE2AA9BFB57F14FCEFC9,
			);
			runOnlyForDeploymentPostprocessing = 0;
		};
		71CECA96DD33A9F903E0EE57 = {
			isa = PBXNativeTarget;
			buildConfigurationList = CBE97826ED6D836E78BB447E;
			buildPhases = (
				9347636366458F7AA1C81FE8,
			);
			buildRules = ( );
			dependencies = ( );
			name = "ParallelFiltersExample - Shared Code";
			productName = ParallelFiltersExample;
			productReference = 6FEC86B76510B486E82F81E9;
			productType = "com.apple.product-type.library.static";
		};
		812C3734364C21F049CC5A96 = {
			isa = PBXProject;
			buildConfigurationList = 438E1DFF815B1C9643E92D38;
			attributes = { LastUpgradeCheck = 1100; ORGANIZATIONNAME = ""; TargetAttributes = { B6AF9594673C98CD18B15DB7 = { SystemCapabilities = {com.apple.ApplicationGroups.iOS = { enabled = 0; }; com.apple.InAppPurchase = { enabled = 0; }; com.apple.InterAppAudio = { enabled = 0; }; com.apple.Push = { enabled = 0; }; com.apple.Sandbox = { enabled = 0; }; com.apple.HardenedRuntime = { enabled = 0; }; }; };6AE2490D9EDBBA97393D9C38 = { SystemCapabilities = {com.apple.ApplicationGroups.iOS = { enabled = 0; }; com.apple.InAppPurchase = { enabled = 0; }; com.apple.InterAppAudio = { enabled = 0; }; com.apple.Push = { enabled = 0; }; com.apple.Sandbox = { enabled = 0; }; com.apple.HardenedRuntime = { enabled = 0; }; }; };D2D5766F28C44B598B5F2939 = { SystemCapabilities = {com.apple.ApplicationGroups.iOS = { enabled = 0; }; com.apple.InAppPurchase = { enabled = 0; }; com.apple.InterAppAudio = { enabled = 0; }; com.apple.Push = { enabled = 0; }; com.apple.Sandbox = { enabled = 0; }; com.apple.HardenedRuntime = { enabled = 0; }; }; };B0453A93FF26C44F1500A107 = { SystemCapabilities = {com.apple.ApplicationGroups.iOS = { enabled = 0; }; com.apple.InAppPurchase = { enabled = 0; }; com.apple.InterAppAudio = { enabled = 0; }; com.apple.Push = { enabled = 0; }; com.apple.Sandbox = { enabled = 0; }; com.apple.HardenedRuntime = { enabled = 0; }; }; };71CECA96DD33A9F903E0EE57 = { SystemCapabilities = {com.apple.ApplicationGroups.iOS = { enabled = 0; }; com.apple.InAppPurchase = { enabled = 0; }; com.apple.InterAppAudio = { enabled = 0; }; com.apple.Push = { enabled = 0; }; com.apple.Sandbox = { enabled = 0; }; com.apple.HardenedRuntime = { enabled = 0; }; }; }; }; };
			compatibilityVersion = "Xcode 3.2";
			hasScannedForEncodings = 0;
			mainGroup = DD30A7EC878D404BD9C76A25;
			projectDirPath = "";
			projectRoot = "";
			targets = (B6AF9594673C98CD18B15DB7, 6AE2490D9EDBBA97393D9C38, D2D5766F28C44B598B5F2939, B0453A93FF26C44F1500A107, 71CECA96DD33A9F903E0EE57);
			knownRegions = (en, Base);
		};
	};
	rootObject = 812C3734364C21F049CC5A96;
}
